// !$*UTF8*$!
{
	archiveVersion = 1;
	classes = {
	};
	objectVersion = 46;
	objects = {

/* Begin PBXBuildFile section */
		75BB52831E9BCE53000BE982 /* Agency.swift in Sources */ = {isa = PBXBuildFile; fileRef = 75BB52821E9BCE53000BE982 /* Agency.swift */; };
		75BB52871E9C48B8000BE982 /* data_travel_agencies.csv in Resources */ = {isa = PBXBuildFile; fileRef = 75BB52861E9C48B8000BE982 /* data_travel_agencies.csv */; };
		75DD29291E969E300060B79D /* AppDelegate.swift in Sources */ = {isa = PBXBuildFile; fileRef = 75DD29281E969E300060B79D /* AppDelegate.swift */; };
		75DD292B1E969E300060B79D /* ViewController.swift in Sources */ = {isa = PBXBuildFile; fileRef = 75DD292A1E969E300060B79D /* ViewController.swift */; };
		75DD292E1E969E300060B79D /* Main.storyboard in Resources */ = {isa = PBXBuildFile; fileRef = 75DD292C1E969E300060B79D /* Main.storyboard */; };
		75DD29301E969E300060B79D /* Assets.xcassets in Resources */ = {isa = PBXBuildFile; fileRef = 75DD292F1E969E300060B79D /* Assets.xcassets */; };
		75DD29331E969E300060B79D /* LaunchScreen.storyboard in Resources */ = {isa = PBXBuildFile; fileRef = 75DD29311E969E300060B79D /* LaunchScreen.storyboard */; };
		75DD293C1E969E5D0060B79D /* MapKit.framework in Frameworks */ = {isa = PBXBuildFile; fileRef = 75DD293B1E969E5D0060B79D /* MapKit.framework */; };
/* End PBXBuildFile section */

/* Begin PBXFileReference section */
		75BB52821E9BCE53000BE982 /* Agency.swift */ = {isa = PBXFileReference; fileEncoding = 4; lastKnownFileType = sourcecode.swift; path = Agency.swift; sourceTree = "<group>"; };
		75BB52861E9C48B8000BE982 /* data_travel_agencies.csv */ = {isa = PBXFileReference; fileEncoding = 4; lastKnownFileType = text; name = data_travel_agencies.csv; path = ../../../../Desktop/data_travel_agencies.csv; sourceTree = "<group>"; };
		75DD29251E969E300060B79D /* MapApplication.app */ = {isa = PBXFileReference; explicitFileType = wrapper.application; includeInIndex = 0; path = MapApplication.app; sourceTree = BUILT_PRODUCTS_DIR; };
		75DD29281E969E300060B79D /* AppDelegate.swift */ = {isa = PBXFileReference; lastKnownFileType = sourcecode.swift; path = AppDelegate.swift; sourceTree = "<group>"; };
		75DD292A1E969E300060B79D /* ViewController.swift */ = {isa = PBXFileReference; lastKnownFileType = sourcecode.swift; path = ViewController.swift; sourceTree = "<group>"; };
		75DD292D1E969E300060B79D /* Base */ = {isa = PBXFileReference; lastKnownFileType = file.storyboard; name = Base; path = Base.lproj/Main.storyboard; sourceTree = "<group>"; };
		75DD292F1E969E300060B79D /* Assets.xcassets */ = {isa = PBXFileReference; lastKnownFileType = folder.assetcatalog; path = Assets.xcassets; sourceTree = "<group>"; };
		75DD29321E969E300060B79D /* Base */ = {isa = PBXFileReference; lastKnownFileType = file.storyboard; name = Base; path = Base.lproj/LaunchScreen.storyboard; sourceTree = "<group>"; };
		75DD29341E969E300060B79D /* Info.plist */ = {isa = PBXFileReference; lastKnownFileType = text.plist.xml; path = Info.plist; sourceTree = "<group>"; };
		75DD293B1E969E5D0060B79D /* MapKit.framework */ = {isa = PBXFileReference; lastKnownFileType = wrapper.framework; name = MapKit.framework; path = System/Library/Frameworks/MapKit.framework; sourceTree = SDKROOT; };
/* End PBXFileReference section */

/* Begin PBXFrameworksBuildPhase section */
		75DD29221E969E300060B79D /* Frameworks */ = {
			isa = PBXFrameworksBuildPhase;
			buildActionMask = 2147483647;
			files = (
				75DD293C1E969E5D0060B79D /* MapKit.framework in Frameworks */,
			);
			runOnlyForDeploymentPostprocessing = 0;
		};
/* End PBXFrameworksBuildPhase section */

/* Begin PBXGroup section */
		75DD291C1E969E300060B79D = {
			isa = PBXGroup;
			children = (
				75DD29271E969E300060B79D /* MapApplication */,
				75DD29261E969E300060B79D /* Products */,
				75DD293A1E969E5D0060B79D /* Frameworks */,
			);
			sourceTree = "<group>";
		};
		75DD29261E969E300060B79D /* Products */ = {
			isa = PBXGroup;
			children = (
				75DD29251E969E300060B79D /* MapApplication.app */,
			);
			name = Products;
			sourceTree = "<group>";
		};
		75DD29271E969E300060B79D /* MapApplication */ = {
			isa = PBXGroup;
			children = (
				75BB52861E9C48B8000BE982 /* data_travel_agencies.csv */,
				75DD29281E969E300060B79D /* AppDelegate.swift */,
				75DD292A1E969E300060B79D /* ViewController.swift */,
				75DD292C1E969E300060B79D /* Main.storyboard */,
				75DD292F1E969E300060B79D /* Assets.xcassets */,
				75DD29311E969E300060B79D /* LaunchScreen.storyboard */,
				75DD29341E969E300060B79D /* Info.plist */,
				75BB52821E9BCE53000BE982 /* Agency.swift */,
			);
			path = MapApplication;
			sourceTree = "<group>";
		};
		75DD293A1E969E5D0060B79D /* Frameworks */ = {
			isa = PBXGroup;
			children = (
				75DD293B1E969E5D0060B79D /* MapKit.framework */,
			);
			name = Frameworks;
			sourceTree = "<group>";
		};
/* End PBXGroup section */

/* Begin PBXNativeTarget section */
		75DD29241E969E300060B79D /* MapApplication */ = {
			isa = PBXNativeTarget;
			buildConfigurationList = 75DD29371E969E300060B79D /* Build configuration list for PBXNativeTarget "MapApplication" */;
			buildPhases = (
				75DD29211E969E300060B79D /* Sources */,
				75DD29221E969E300060B79D /* Frameworks */,
				75DD29231E969E300060B79D /* Resources */,
			);
			buildRules = (
			);
			dependencies = (
			);
			name = MapApplication;
			productName = MapApplication;
			productReference = 75DD29251E969E300060B79D /* MapApplication.app */;
			productType = "com.apple.product-type.application";
		};
/* End PBXNativeTarget section */

/* Begin PBXProject section */
		75DD291D1E969E300060B79D /* Project object */ = {
			isa = PBXProject;
			attributes = {
				LastSwiftUpdateCheck = 0830;
				LastUpgradeCheck = 0830;
				ORGANIZATIONNAME = "Anthony Barillot";
				TargetAttributes = {
					75DD29241E969E300060B79D = {
						CreatedOnToolsVersion = 8.3;
						DevelopmentTeam = 6KUNF3CK8F;
						ProvisioningStyle = Automatic;
						SystemCapabilities = {
							com.apple.Maps.iOS = {
								enabled = 1;
							};
						};
					};
				};
			};
			buildConfigurationList = 75DD29201E969E300060B79D /* Build configuration list for PBXProject "MapApplication" */;
			compatibilityVersion = "Xcode 3.2";
			developmentRegion = English;
			hasScannedForEncodings = 0;
			knownRegions = (
				en,
				Base,
			);
			mainGroup = 75DD291C1E969E300060B79D;
			productRefGroup = 75DD29261E969E300060B79D /* Products */;
			projectDirPath = "";
			projectRoot = "";
			targets = (
				75DD29241E969E300060B79D /* MapApplication */,
			);
		};
/* End PBXProject section */

/* Begin PBXResourcesBuildPhase section */
		75DD29231E969E300060B79D /* Resources */ = {
			isa = PBXResourcesBuildPhase;
			buildActionMask = 2147483647;
			files = (
				75BB52871E9C48B8000BE982 /* data_travel_agencies.csv in Resources */,
				75DD29331E969E300060B79D /* LaunchScreen.storyboard in Resources */,
				75DD29301E969E300060B79D /* Assets.xcassets in Resources */,
				75DD292E1E969E300060B79D /* Main.storyboard in Resources */,
			);
			runOnlyForDeploymentPostprocessing = 0;
		};
/* End PBXResourcesBuildPhase section */

/* Begin PBXSourcesBuildPhase section */
		75DD29211E969E300060B79D /* Sources */ = {
			isa = PBXSourcesBuildPhase;
			buildActionMask = 2147483647;
			files = (
				75DD292B1E969E300060B79D /* ViewController.swift in Sources */,
				75BB52831E9BCE53000BE982 /* Agency.swift in Sources */,
				75DD29291E969E300060B79D /* AppDelegate.swift in Sources */,
			);
			runOnlyForDeploymentPostprocessing = 0;
		};
/* End PBXSourcesBuildPhase section */

/* Begin PBXVariantGroup section */
		75DD292C1E969E300060B79D /* Main.storyboard */ = {
			isa = PBXVariantGroup;
			children = (
				75DD292D1E969E300060B79D /* Base */,
			);
			name = Main.storyboard;
			sourceTree = "<group>";
		};
		75DD29311E969E300060B79D /* LaunchScreen.storyboard */ = {
			isa = PBXVariantGroup;
			children = (
				75DD29321E969E300060B79D /* Base */,
			);
			name = LaunchScreen.storyboard;
			sourceTree = "<group>";
		};
/* End PBXVariantGroup section */

/* Begin XCBuildConfiguration section */
		75DD29351E969E300060B79D /* Debug */ = {
			isa = XCBuildConfiguration;
			buildSettings = {
				ALWAYS_SEARCH_USER_PATHS = NO;
				CLANG_ANALYZER_NONNULL = YES;
				CLANG_ANALYZER_NUMBER_OBJECT_CONVERSION = YES_AGGRESSIVE;
				CLANG_CXX_LANGUAGE_STANDARD = "gnu++0x";
				CLANG_CXX_LIBRARY = "libc++";
				CLANG_ENABLE_MODULES = YES;
				CLANG_ENABLE_OBJC_ARC = YES;
				CLANG_WARN_BOOL_CONVERSION = YES;
				CLANG_WARN_CONSTANT_CONVERSION = YES;
				CLANG_WARN_DIRECT_OBJC_ISA_USAGE = YES_ERROR;
				CLANG_WARN_DOCUMENTATION_COMMENTS = YES;
				CLANG_WARN_EMPTY_BODY = YES;
				CLANG_WARN_ENUM_CONVERSION = YES;
				CLANG_WARN_INFINITE_RECURSION = YES;
				CLANG_WARN_INT_CONVERSION = YES;
				CLANG_WARN_OBJC_ROOT_CLASS = YES_ERROR;
				CLANG_WARN_SUSPICIOUS_MOVE = YES;
				CLANG_WARN_UNREACHABLE_CODE = YES;
				CLANG_WARN__DUPLICATE_METHOD_MATCH = YES;
				"CODE_SIGN_IDENTITY[sdk=iphoneos*]" = "iPhone Developer";
				COPY_PHASE_STRIP = NO;
				DEBUG_INFORMATION_FORMAT = dwarf;
				ENABLE_STRICT_OBJC_MSGSEND = YES;
				ENABLE_TESTABILITY = YES;
				GCC_C_LANGUAGE_STANDARD = gnu99;
				GCC_DYNAMIC_NO_PIC = NO;
				GCC_NO_COMMON_BLOCKS = YES;
				GCC_OPTIMIZATION_LEVEL = 0;
				GCC_PREPROCESSOR_DEFINITIONS = (
					"DEBUG=1",
					"$(inherited)",
				);
				GCC_WARN_64_TO_32_BIT_CONVERSION = YES;
				GCC_WARN_ABOUT_RETURN_TYPE = YES_ERROR;
				GCC_WARN_UNDECLARED_SELECTOR = YES;
				GCC_WARN_UNINITIALIZED_AUTOS = YES_AGGRESSIVE;
				GCC_WARN_UNUSED_FUNCTION = YES;
				GCC_WARN_UNUSED_VARIABLE = YES;
				IPHONEOS_DEPLOYMENT_TARGET = 10.3;
				MTL_ENABLE_DEBUG_INFO = YES;
				ONLY_ACTIVE_ARCH = YES;
				SDKROOT = iphoneos;
				SWIFT_ACTIVE_COMPILATION_CONDITIONS = DEBUG;
				SWIFT_OPTIMIZATION_LEVEL = "-Onone";
			};
			name = Debug;
		};
		75DD29361E969E300060B79D /* Release */ = {
			isa = XCBuildConfiguration;
			buildSettings = {
				ALWAYS_SEARCH_USER_PATHS = NO;
				CLANG_ANALYZER_NONNULL = YES;
				CLANG_ANALYZER_NUMBER_OBJECT_CONVERSION = YES_AGGRESSIVE;
				CLANG_CXX_LANGUAGE_STANDARD = "gnu++0x";
				CLANG_CXX_LIBRARY = "libc++";
				CLANG_ENABLE_MODULES = YES;
				CLANG_ENABLE_OBJC_ARC = YES;
				CLANG_WARN_BOOL_CONVERSION = YES;
				CLANG_WARN_CONSTANT_CONVERSION = YES;
				CLANG_WARN_DIRECT_OBJC_ISA_USAGE = YES_ERROR;
				CLANG_WARN_DOCUMENTATION_COMMENTS = YES;
				CLANG_WARN_EMPTY_BODY = YES;
				CLANG_WARN_ENUM_CONVERSION = YES;
				CLANG_WARN_INFINITE_RECURSION = YES;
				CLANG_WARN_INT_CONVERSION = YES;
				CLANG_WARN_OBJC_ROOT_CLASS = YES_ERROR;
				CLANG_WARN_SUSPICIOUS_MOVE = YES;
				CLANG_WARN_UNREACHABLE_CODE = YES;
				CLANG_WARN__DUPLICATE_METHOD_MATCH = YES;
				"CODE_SIGN_IDENTITY[sdk=iphoneos*]" = "iPhone Developer";
				COPY_PHASE_STRIP = NO;
				DEBUG_INFORMATION_FORMAT = "dwarf-with-dsym";
				ENABLE_NS_ASSERTIONS = NO;
				ENABLE_STRICT_OBJC_MSGSEND = YES;
				GCC_C_LANGUAGE_STANDARD = gnu99;
				GCC_NO_COMMON_BLOCKS = YES;
				GCC_WARN_64_TO_32_BIT_CONVERSION = YES;
				GCC_WARN_ABOUT_RETURN_TYPE = YES_ERROR;
				GCC_WARN_UNDECLARED_SELECTOR = YES;
				GCC_WARN_UNINITIALIZED_AUTOS = YES_AGGRESSIVE;
				GCC_WARN_UNUSED_FUNCTION = YES;
				GCC_WARN_UNUSED_VARIABLE = YES;
				IPHONEOS_DEPLOYMENT_TARGET = 10.3;
				MTL_ENABLE_DEBUG_INFO = NO;
				SDKROOT = iphoneos;
				SWIFT_OPTIMIZATION_LEVEL = "-Owholemodule";
				VALIDATE_PRODUCT = YES;
			};
			name = Release;
		};
		75DD29381E969E300060B79D /* Debug */ = {
			isa = XCBuildConfiguration;
			buildSettings = {
				ASSETCATALOG_COMPILER_APPICON_NAME = AppIcon;
				DEVELOPMENT_TEAM = 6KUNF3CK8F;
				INFOPLIST_FILE = MapApplication/Info.plist;
				IPHONEOS_DEPLOYMENT_TARGET = 10.3;
				LD_RUNPATH_SEARCH_PATHS = "$(inherited) @executable_path/Frameworks";
				PRODUCT_BUNDLE_IDENTIFIER = "com.anthony-bt.MapApplication";
				PRODUCT_NAME = "$(TARGET_NAME)";
				SWIFT_VERSION = 3.0;
			};
			name = Debug;
		};
		75DD29391E969E300060B79D /* Release */ = {
			isa = XCBuildConfiguration;
			buildSettings = {
				ASSETCATALOG_COMPILER_APPICON_NAME = AppIcon;
				DEVELOPMENT_TEAM = 6KUNF3CK8F;
				INFOPLIST_FILE = MapApplication/Info.plist;
				IPHONEOS_DEPLOYMENT_TARGET = 10.3;
				LD_RUNPATH_SEARCH_PATHS = "$(inherited) @executable_path/Frameworks";
				PRODUCT_BUNDLE_IDENTIFIER = "com.anthony-bt.MapApplication";
				PRODUCT_NAME = "$(TARGET_NAME)";
				SWIFT_VERSION = 3.0;
			};
			name = Release;
		};
/* End XCBuildConfiguration section */

/* Begin XCConfigurationList section */
		75DD29201E969E300060B79D /* Build configuration list for PBXProject "MapApplication" */ = {
			isa = XCConfigurationList;
			buildConfigurations = (
				75DD29351E969E300060B79D /* Debug */,
				75DD29361E969E300060B79D /* Release */,
			);
			defaultConfigurationIsVisible = 0;
			defaultConfigurationName = Release;
		};
		75DD29371E969E300060B79D /* Build configuration list for PBXNativeTarget "MapApplication" */ = {
			isa = XCConfigurationList;
			buildConfigurations = (
				75DD29381E969E300060B79D /* Debug */,
				75DD29391E969E300060B79D /* Release */,
			);
			defaultConfigurationIsVisible = 0;
			defaultConfigurationName = Release;
		};
/* End XCConfigurationList section */
	};
	rootObject = 75DD291D1E969E300060B79D /* Project object */;
}
